# Code generated by scarb DO NOT EDIT.
version = 1

[[package]]
name = "openzeppelin"
version = "0.8.0"
source = "git+https://github.com/OpenZeppelin/cairo-contracts.git?tag=v0.8.0#6ab91b5cf57d6a7d02f2d5c5abfc7b5712bc8e47"

[[package]]
name = "piggy_savings"
version = "0.1.0"
dependencies = [
 "openzeppelin",
 "snforge_std",
]

[[package]]
name = "snforge_std"
version = "0.27.0"
source = "git+https://github.com/foundry-rs/starknet-foundry?tag=v0.27.0#2d99b7c00678ef0363881ee0273550c44a9263de"
